
Microsoft Visual Studio Solution File, Format Version 12.00
Project("{F2A71F9B-5D33-465A-A702-920D77279786}") = "UsingDataTables", "UsingDataTables\UsingDataTables.fsproj", "{080645D7-8D57-427A-94E8-AE70C53B9A6D}"
EndProject
Project("{F2A71F9B-5D33-465A-A702-920D77279786}") = "Tests", "Tests\Tests.fsproj", "{8748EFE0-B91B-4E53-9338-992BFFC37206}"
EndProject
Global
	GlobalSection(SolutionConfigurationPlatforms) = preSolution
		Debug|Any CPU = Debug|Any CPU
		Release|Any CPU = Release|Any CPU
	EndGlobalSection
	GlobalSection(ProjectConfigurationPlatforms) = postSolution
		{080645D7-8D57-427A-94E8-AE70C53B9A6D}.Debug|Any CPU.ActiveCfg = Debug|Any CPU
		{080645D7-8D57-427A-94E8-AE70C53B9A6D}.Debug|Any CPU.Build.0 = Debug|Any CPU
		{080645D7-8D57-427A-94E8-AE70C53B9A6D}.Release|Any CPU.ActiveCfg = Release|Any CPU
		{080645D7-8D57-427A-94E8-AE70C53B9A6D}.Release|Any CPU.Build.0 = Release|Any CPU
		{8748EFE0-B91B-4E53-9338-992BFFC37206}.Debug|Any CPU.ActiveCfg = Debug|Any CPU
		{8748EFE0-B91B-4E53-9338-992BFFC37206}.Debug|Any CPU.Build.0 = Debug|Any CPU
		{8748EFE0-B91B-4E53-9338-992BFFC37206}.Release|Any CPU.ActiveCfg = Release|Any CPU
		{8748EFE0-B91B-4E53-9338-992BFFC37206}.Release|Any CPU.Build.0 = Release|Any CPU
	EndGlobalSection
EndGlobal
